
Microsoft Visual Studio Solution File, Format Version 12.00
# Visual Studio Version 17
VisualStudioVersion = 17.14.36203.30
MinimumVisualStudioVersion = 10.0.40219.1
Project("{9A19103F-16F7-4668-BE54-9A1E7A4F7556}") = "generadorCURP", "generadorCURP.csproj", "{562A79FC-B5DA-463A-8DA5-98C58A37ADA6}"
EndProject
Project("{9A19103F-16F7-4668-BE54-9A1E7A4F7556}") = "Test", "..\Test\Test.csproj", "{47697B35-D80D-49D3-BB6C-36DCE92023AF}"
EndProject
Global
	GlobalSection(SolutionConfigurationPlatforms) = preSolution
		Debug|Any CPU = Debug|Any CPU
		Release|Any CPU = Release|Any CPU
	EndGlobalSection
	GlobalSection(ProjectConfigurationPlatforms) = postSolution
		{562A79FC-B5DA-463A-8DA5-98C58A37ADA6}.Debug|Any CPU.ActiveCfg = Debug|Any CPU
		{562A79FC-B5DA-463A-8DA5-98C58A37ADA6}.Debug|Any CPU.Build.0 = Debug|Any CPU
		{562A79FC-B5DA-463A-8DA5-98C58A37ADA6}.Release|Any CPU.ActiveCfg = Release|Any CPU
		{562A79FC-B5DA-463A-8DA5-98C58A37ADA6}.Release|Any CPU.Build.0 = Release|Any CPU
		{47697B35-D80D-49D3-BB6C-36DCE92023AF}.Debug|Any CPU.ActiveCfg = Debug|Any CPU
		{47697B35-D80D-49D3-BB6C-36DCE92023AF}.Debug|Any CPU.Build.0 = Debug|Any CPU
		{47697B35-D80D-49D3-BB6C-36DCE92023AF}.Release|Any CPU.ActiveCfg = Release|Any CPU
		{47697B35-D80D-49D3-BB6C-36DCE92023AF}.Release|Any CPU.Build.0 = Release|Any CPU
	EndGlobalSection
	GlobalSection(SolutionProperties) = preSolution
		HideSolutionNode = FALSE
	EndGlobalSection
	GlobalSection(ExtensibilityGlobals) = postSolution
		SolutionGuid = {674BA835-AA67-4B11-B115-2ECBA0B6BC89}
	EndGlobalSection
EndGlobal
